
Microsoft Visual Studio Solution File, Format Version 12.00
# Visual Studio 2013
VisualStudioVersion = 12.0.30501.0
MinimumVisualStudioVersion = 10.0.40219.1
Project("{FAE04EC0-301F-11D3-BF4B-00C04F79EFBC}") = "SFSportsStore.Domain", "SFSportsStoreDomain\SFSportsStore.Domain.csproj", "{59655D4A-CD95-43DC-B81E-43E0C6A0F2AA}"
EndProject
Project("{FAE04EC0-301F-11D3-BF4B-00C04F79EFBC}") = "SFSportsStore.UnitTests", "SFSportsStore.UnitTests\SFSportsStore.UnitTests.csproj", "{A8AC4718-FDB4-4783-985C-471F03FED4B5}"
EndProject
Project("{FAE04EC0-301F-11D3-BF4B-00C04F79EFBC}") = "SFSportsStore.WebUI", "SFSportsStore.WebUI\SFSportsStore.WebUI.csproj", "{E371169B-85AA-49E3-AD8C-05EC8DB0641B}"
EndProject
Global
	GlobalSection(SolutionConfigurationPlatforms) = preSolution
		Debug|Any CPU = Debug|Any CPU
		Release|Any CPU = Release|Any CPU
	EndGlobalSection
	GlobalSection(ProjectConfigurationPlatforms) = postSolution
		{59655D4A-CD95-43DC-B81E-43E0C6A0F2AA}.Debug|Any CPU.ActiveCfg = Debug|Any CPU
		{59655D4A-CD95-43DC-B81E-43E0C6A0F2AA}.Debug|Any CPU.Build.0 = Debug|Any CPU
		{59655D4A-CD95-43DC-B81E-43E0C6A0F2AA}.Release|Any CPU.ActiveCfg = Release|Any CPU
		{59655D4A-CD95-43DC-B81E-43E0C6A0F2AA}.Release|Any CPU.Build.0 = Release|Any CPU
		{A8AC4718-FDB4-4783-985C-471F03FED4B5}.Debug|Any CPU.ActiveCfg = Debug|Any CPU
		{A8AC4718-FDB4-4783-985C-471F03FED4B5}.Debug|Any CPU.Build.0 = Debug|Any CPU
		{A8AC4718-FDB4-4783-985C-471F03FED4B5}.Release|Any CPU.ActiveCfg = Release|Any CPU
		{A8AC4718-FDB4-4783-985C-471F03FED4B5}.Release|Any CPU.Build.0 = Release|Any CPU
		{E371169B-85AA-49E3-AD8C-05EC8DB0641B}.Debug|Any CPU.ActiveCfg = Debug|Any CPU
		{E371169B-85AA-49E3-AD8C-05EC8DB0641B}.Debug|Any CPU.Build.0 = Debug|Any CPU
		{E371169B-85AA-49E3-AD8C-05EC8DB0641B}.Release|Any CPU.ActiveCfg = Release|Any CPU
		{E371169B-85AA-49E3-AD8C-05EC8DB0641B}.Release|Any CPU.Build.0 = Release|Any CPU
	EndGlobalSection
	GlobalSection(SolutionProperties) = preSolution
		HideSolutionNode = FALSE
	EndGlobalSection
EndGlobal
